
Microsoft Visual Studio Solution File, Format Version 12.00
# Visual Studio Version 17
VisualStudioVersion = 17.7.34202.233
MinimumVisualStudioVersion = 10.0.40219.1
Project("{9A19103F-16F7-4668-BE54-9A1E7A4F7556}") = "SelExample", "SelExample\SelExample.csproj", "{0A86C5DB-B685-4A74-B3E6-382FB350A7D5}"
EndProject
Project("{9A19103F-16F7-4668-BE54-9A1E7A4F7556}") = "SELNUnitExamples", "SELNUnitExamples\SELNUnitExamples.csproj", "{0226D173-8321-4356-ABD4-826EB144EC4E}"
EndProject
Project("{9A19103F-16F7-4668-BE54-9A1E7A4F7556}") = "Assignment-1-nov-14", "Assignment-1-nov-14\Assignment-1-nov-14.csproj", "{AD51796B-CDC6-418B-BFF9-568C4C5F7EAC}"
EndProject
Project("{9A19103F-16F7-4668-BE54-9A1E7A4F7556}") = "Assignment-2-nov-14", "Assignment-2-nov-14\Assignment-2-nov-14.csproj", "{37977446-DDC0-4262-983D-F3CD6C365433}"
EndProject
Project("{9A19103F-16F7-4668-BE54-9A1E7A4F7556}") = "Assignment-3-nov-20", "Assignment-3-nov-20\Assignment-3-nov-20.csproj", "{21E0D879-DB54-499D-A9CB-0086DD4F39AD}"
EndProject
Project("{FAE04EC0-301F-11D3-BF4B-00C04F79EFBC}") = "Rediff", "Rediff\Rediff.csproj", "{3E65953C-C22A-4A3A-B9BB-1AF854588FB9}"
EndProject
Project("{FAE04EC0-301F-11D3-BF4B-00C04F79EFBC}") = "Assignment-nov-23", "Assignment-nov-23\Assignment-nov-23.csproj", "{C201C953-88C5-4E47-B022-AEE489F52218}"
EndProject
Project("{FAE04EC0-301F-11D3-BF4B-00C04F79EFBC}") = "BunnyCart", "BunnyCart\BunnyCart.csproj", "{40282426-C7A3-462C-996A-780FF0D50A4C}"
EndProject
Global
	GlobalSection(SolutionConfigurationPlatforms) = preSolution
		Debug|Any CPU = Debug|Any CPU
		Release|Any CPU = Release|Any CPU
	EndGlobalSection
	GlobalSection(ProjectConfigurationPlatforms) = postSolution
		{0A86C5DB-B685-4A74-B3E6-382FB350A7D5}.Debug|Any CPU.ActiveCfg = Debug|Any CPU
		{0A86C5DB-B685-4A74-B3E6-382FB350A7D5}.Debug|Any CPU.Build.0 = Debug|Any CPU
		{0A86C5DB-B685-4A74-B3E6-382FB350A7D5}.Release|Any CPU.ActiveCfg = Release|Any CPU
		{0A86C5DB-B685-4A74-B3E6-382FB350A7D5}.Release|Any CPU.Build.0 = Release|Any CPU
		{0226D173-8321-4356-ABD4-826EB144EC4E}.Debug|Any CPU.ActiveCfg = Debug|Any CPU
		{0226D173-8321-4356-ABD4-826EB144EC4E}.Debug|Any CPU.Build.0 = Debug|Any CPU
		{0226D173-8321-4356-ABD4-826EB144EC4E}.Release|Any CPU.ActiveCfg = Release|Any CPU
		{0226D173-8321-4356-ABD4-826EB144EC4E}.Release|Any CPU.Build.0 = Release|Any CPU
		{AD51796B-CDC6-418B-BFF9-568C4C5F7EAC}.Debug|Any CPU.ActiveCfg = Debug|Any CPU
		{AD51796B-CDC6-418B-BFF9-568C4C5F7EAC}.Debug|Any CPU.Build.0 = Debug|Any CPU
		{AD51796B-CDC6-418B-BFF9-568C4C5F7EAC}.Release|Any CPU.ActiveCfg = Release|Any CPU
		{AD51796B-CDC6-418B-BFF9-568C4C5F7EAC}.Release|Any CPU.Build.0 = Release|Any CPU
		{37977446-DDC0-4262-983D-F3CD6C365433}.Debug|Any CPU.ActiveCfg = Debug|Any CPU
		{37977446-DDC0-4262-983D-F3CD6C365433}.Debug|Any CPU.Build.0 = Debug|Any CPU
		{37977446-DDC0-4262-983D-F3CD6C365433}.Release|Any CPU.ActiveCfg = Release|Any CPU
		{37977446-DDC0-4262-983D-F3CD6C365433}.Release|Any CPU.Build.0 = Release|Any CPU
		{21E0D879-DB54-499D-A9CB-0086DD4F39AD}.Debug|Any CPU.ActiveCfg = Debug|Any CPU
		{21E0D879-DB54-499D-A9CB-0086DD4F39AD}.Debug|Any CPU.Build.0 = Debug|Any CPU
		{21E0D879-DB54-499D-A9CB-0086DD4F39AD}.Release|Any CPU.ActiveCfg = Release|Any CPU
		{21E0D879-DB54-499D-A9CB-0086DD4F39AD}.Release|Any CPU.Build.0 = Release|Any CPU
		{3E65953C-C22A-4A3A-B9BB-1AF854588FB9}.Debug|Any CPU.ActiveCfg = Debug|Any CPU
		{3E65953C-C22A-4A3A-B9BB-1AF854588FB9}.Debug|Any CPU.Build.0 = Debug|Any CPU
		{3E65953C-C22A-4A3A-B9BB-1AF854588FB9}.Release|Any CPU.ActiveCfg = Release|Any CPU
		{3E65953C-C22A-4A3A-B9BB-1AF854588FB9}.Release|Any CPU.Build.0 = Release|Any CPU
		{C201C953-88C5-4E47-B022-AEE489F52218}.Debug|Any CPU.ActiveCfg = Debug|Any CPU
		{C201C953-88C5-4E47-B022-AEE489F52218}.Debug|Any CPU.Build.0 = Debug|Any CPU
		{C201C953-88C5-4E47-B022-AEE489F52218}.Release|Any CPU.ActiveCfg = Release|Any CPU
		{C201C953-88C5-4E47-B022-AEE489F52218}.Release|Any CPU.Build.0 = Release|Any CPU
		{40282426-C7A3-462C-996A-780FF0D50A4C}.Debug|Any CPU.ActiveCfg = Debug|Any CPU
		{40282426-C7A3-462C-996A-780FF0D50A4C}.Debug|Any CPU.Build.0 = Debug|Any CPU
		{40282426-C7A3-462C-996A-780FF0D50A4C}.Release|Any CPU.ActiveCfg = Release|Any CPU
		{40282426-C7A3-462C-996A-780FF0D50A4C}.Release|Any CPU.Build.0 = Release|Any CPU
	EndGlobalSection
	GlobalSection(SolutionProperties) = preSolution
		HideSolutionNode = FALSE
	EndGlobalSection
	GlobalSection(ExtensibilityGlobals) = postSolution
		SolutionGuid = {333CF7FE-5736-4C87-BD25-2CDD05746B6A}
	EndGlobalSection
EndGlobal
